// !$*UTF8*$!
{
	archiveVersion = 1;
	classes = {
	};
	objectVersion = 56;
	objects = {

/* Begin PBXBuildFile section */
		4553FC5E2AC2044F009AFE0A /* AppDelegate.swift in Sources */ = {isa = PBXBuildFile; fileRef = 4553FC5D2AC2044F009AFE0A /* AppDelegate.swift */; };
		4553FC602AC2044F009AFE0A /* SceneDelegate.swift in Sources */ = {isa = PBXBuildFile; fileRef = 4553FC5F2AC2044F009AFE0A /* SceneDelegate.swift */; };
		4553FC622AC2044F009AFE0A /* RMTabBarController.swift in Sources */ = {isa = PBXBuildFile; fileRef = 4553FC612AC2044F009AFE0A /* RMTabBarController.swift */; };
		4553FC672AC20450009AFE0A /* Assets.xcassets in Resources */ = {isa = PBXBuildFile; fileRef = 4553FC662AC20450009AFE0A /* Assets.xcassets */; };
		4553FC6A2AC20450009AFE0A /* LaunchScreen.storyboard in Resources */ = {isa = PBXBuildFile; fileRef = 4553FC682AC20450009AFE0A /* LaunchScreen.storyboard */; };
		4553FC792AC206E6009AFE0A /* RMLocation.swift in Sources */ = {isa = PBXBuildFile; fileRef = 4553FC782AC206E6009AFE0A /* RMLocation.swift */; };
		4553FC7B2AC206EF009AFE0A /* RMCharacter.swift in Sources */ = {isa = PBXBuildFile; fileRef = 4553FC7A2AC206EF009AFE0A /* RMCharacter.swift */; };
		4553FC7D2AC206F7009AFE0A /* RMEpisode.swift in Sources */ = {isa = PBXBuildFile; fileRef = 4553FC7C2AC206F7009AFE0A /* RMEpisode.swift */; };
		4553FC802AC20768009AFE0A /* RMCharacterViewController.swift in Sources */ = {isa = PBXBuildFile; fileRef = 4553FC7F2AC20768009AFE0A /* RMCharacterViewController.swift */; };
		4553FC822AC20774009AFE0A /* RMLocationViewController.swift in Sources */ = {isa = PBXBuildFile; fileRef = 4553FC812AC20774009AFE0A /* RMLocationViewController.swift */; };
		4553FC852AC20783009AFE0A /* RMEpisodeViewController.swift in Sources */ = {isa = PBXBuildFile; fileRef = 4553FC842AC20783009AFE0A /* RMEpisodeViewController.swift */; };
		4553FC872AC2078F009AFE0A /* RMSettingViewController.swift in Sources */ = {isa = PBXBuildFile; fileRef = 4553FC862AC2078F009AFE0A /* RMSettingViewController.swift */; };
		4553FC892AC218E1009AFE0A /* RMService.swift in Sources */ = {isa = PBXBuildFile; fileRef = 4553FC882AC218E1009AFE0A /* RMService.swift */; };
		4553FC8B2AC218F0009AFE0A /* RMRequest.swift in Sources */ = {isa = PBXBuildFile; fileRef = 4553FC8A2AC218F0009AFE0A /* RMRequest.swift */; };
		4553FC8D2AC2197B009AFE0A /* RMEndpoint.swift in Sources */ = {isa = PBXBuildFile; fileRef = 4553FC8C2AC2197B009AFE0A /* RMEndpoint.swift */; };
		4553FC8F2AC223DE009AFE0A /* RMOrigin.swift in Sources */ = {isa = PBXBuildFile; fileRef = 4553FC8E2AC223DE009AFE0A /* RMOrigin.swift */; };
		4553FC912AC22451009AFE0A /* RMSingleLocation.swift in Sources */ = {isa = PBXBuildFile; fileRef = 4553FC902AC22451009AFE0A /* RMSingleLocation.swift */; };
		4553FC932AC2260B009AFE0A /* RMCharacterStatus.swift in Sources */ = {isa = PBXBuildFile; fileRef = 4553FC922AC2260B009AFE0A /* RMCharacterStatus.swift */; };
		4553FC952AC22632009AFE0A /* RMCharacterGender.swift in Sources */ = {isa = PBXBuildFile; fileRef = 4553FC942AC22632009AFE0A /* RMCharacterGender.swift */; };
		4553FC9A2AC24089009AFE0A /* RMGetAllCharactersResponse.swift in Sources */ = {isa = PBXBuildFile; fileRef = 4553FC992AC24089009AFE0A /* RMGetAllCharactersResponse.swift */; };
		4553FC9C2AC243B1009AFE0A /* RMCharacterListViewViewModel.swift in Sources */ = {isa = PBXBuildFile; fileRef = 4553FC9B2AC243B1009AFE0A /* RMCharacterListViewViewModel.swift */; };
		4553FC9E2AC24496009AFE0A /* RMCharacterListView.swift in Sources */ = {isa = PBXBuildFile; fileRef = 4553FC9D2AC24496009AFE0A /* RMCharacterListView.swift */; };
		4553FCA02AC251A4009AFE0A /* Extensions.swift in Sources */ = {isa = PBXBuildFile; fileRef = 4553FC9F2AC251A4009AFE0A /* Extensions.swift */; };
		4553FCA22AC2564C009AFE0A /* RMCharacterCollectionViewCell.swift in Sources */ = {isa = PBXBuildFile; fileRef = 4553FCA12AC2564C009AFE0A /* RMCharacterCollectionViewCell.swift */; };
		4553FCA42AC25762009AFE0A /* RMCharacterCollectionViewCellViewModel.swift in Sources */ = {isa = PBXBuildFile; fileRef = 4553FCA32AC25762009AFE0A /* RMCharacterCollectionViewCellViewModel.swift */; };
		4563343A2ACAE58A00D0356C /* RMSettingsViewViewModel.swift in Sources */ = {isa = PBXBuildFile; fileRef = 456334392ACAE58A00D0356C /* RMSettingsViewViewModel.swift */; };
		4563343C2ACAE5EA00D0356C /* RMSettingsCellViewModel.swift in Sources */ = {isa = PBXBuildFile; fileRef = 4563343B2ACAE5EA00D0356C /* RMSettingsCellViewModel.swift */; };
		4563343E2ACAE65F00D0356C /* RMSettingsOption.swift in Sources */ = {isa = PBXBuildFile; fileRef = 4563343D2ACAE65F00D0356C /* RMSettingsOption.swift */; };
		456334412ACAF14B00D0356C /* RMSettingsView.swift in Sources */ = {isa = PBXBuildFile; fileRef = 456334402ACAF14B00D0356C /* RMSettingsView.swift */; };
		456334442ACB0C7F00D0356C /* RMLocationView.swift in Sources */ = {isa = PBXBuildFile; fileRef = 456334432ACB0C7F00D0356C /* RMLocationView.swift */; };
		456334462ACB105900D0356C /* RMLocationViewViewModel.swift in Sources */ = {isa = PBXBuildFile; fileRef = 456334452ACB105900D0356C /* RMLocationViewViewModel.swift */; };
		456334482ACB182D00D0356C /* RMGetLocationsResponse.swift in Sources */ = {isa = PBXBuildFile; fileRef = 456334472ACB182D00D0356C /* RMGetLocationsResponse.swift */; };
		4563344A2ACB1AE900D0356C /* RMLocationTableViewCell.swift in Sources */ = {isa = PBXBuildFile; fileRef = 456334492ACB1AE900D0356C /* RMLocationTableViewCell.swift */; };
		4563344D2ACB1BB100D0356C /* RMLocationTableViewCellViewModel.swift in Sources */ = {isa = PBXBuildFile; fileRef = 4563344C2ACB1BB100D0356C /* RMLocationTableViewCellViewModel.swift */; };
		4592C72C2AC98AC500DDF27B /* RMEpisodeInfoCollectionViewCell.swift in Sources */ = {isa = PBXBuildFile; fileRef = 4592C72B2AC98AC500DDF27B /* RMEpisodeInfoCollectionViewCell.swift */; };
		4592C72F2AC98B2A00DDF27B /* RMEpisodeInfoCollectionViewCellViewModel.swift in Sources */ = {isa = PBXBuildFile; fileRef = 4592C72E2AC98B2A00DDF27B /* RMEpisodeInfoCollectionViewCellViewModel.swift */; };
		459BD9B32AC4D0C600D55AD0 /* RMImageLoader.swift in Sources */ = {isa = PBXBuildFile; fileRef = 459BD9B22AC4D0C600D55AD0 /* RMImageLoader.swift */; };
		459BD9B72AC4F2E100D55AD0 /* RMCharacterPhotoCollectionViewCell.swift in Sources */ = {isa = PBXBuildFile; fileRef = 459BD9B62AC4F2E100D55AD0 /* RMCharacterPhotoCollectionViewCell.swift */; };
		459BD9B92AC4F2F300D55AD0 /* RMCharacterInfoCollectionViewCell.swift in Sources */ = {isa = PBXBuildFile; fileRef = 459BD9B82AC4F2F300D55AD0 /* RMCharacterInfoCollectionViewCell.swift */; };
		459BD9BB2AC4F2FD00D55AD0 /* RMCharacterEpisodeCollectionViewCell.swift in Sources */ = {isa = PBXBuildFile; fileRef = 459BD9BA2AC4F2FD00D55AD0 /* RMCharacterEpisodeCollectionViewCell.swift */; };
		459BD9BE2AC4F37700D55AD0 /* RMCharacterIPhotoCollectionViewCellViewModel.swift in Sources */ = {isa = PBXBuildFile; fileRef = 459BD9BD2AC4F37700D55AD0 /* RMCharacterIPhotoCollectionViewCellViewModel.swift */; };
		459BD9C02AC4F38700D55AD0 /* RMCharacterInfoCollectionViewCellViewModel.swift in Sources */ = {isa = PBXBuildFile; fileRef = 459BD9BF2AC4F38700D55AD0 /* RMCharacterInfoCollectionViewCellViewModel.swift */; };
		459BD9C22AC4F39700D55AD0 /* RMCharacterEpisodeCollectionViewCellViewModel.swift in Sources */ = {isa = PBXBuildFile; fileRef = 459BD9C12AC4F39700D55AD0 /* RMCharacterEpisodeCollectionViewCellViewModel.swift */; };
		45B014702AC77B2B00CA797C /* RMEpisodeDetailViewController.swift in Sources */ = {isa = PBXBuildFile; fileRef = 45B0146F2AC77B2B00CA797C /* RMEpisodeDetailViewController.swift */; };
		45B014722AC77E4100CA797C /* RMAPICacheManager.swift in Sources */ = {isa = PBXBuildFile; fileRef = 45B014712AC77E4100CA797C /* RMAPICacheManager.swift */; };
		45B014742AC7835400CA797C /* RMEpisodeDetailViewViewModel.swift in Sources */ = {isa = PBXBuildFile; fileRef = 45B014732AC7835400CA797C /* RMEpisodeDetailViewViewModel.swift */; };
		45B014762AC783E900CA797C /* RMEpisodeDetailView.swift in Sources */ = {isa = PBXBuildFile; fileRef = 45B014752AC783E900CA797C /* RMEpisodeDetailView.swift */; };
		45B014792AC7899200CA797C /* RMEpisodeListView.swift in Sources */ = {isa = PBXBuildFile; fileRef = 45B014782AC7899200CA797C /* RMEpisodeListView.swift */; };
		45B0147B2AC78BFC00CA797C /* RMEpisodeListViewViewModel.swift in Sources */ = {isa = PBXBuildFile; fileRef = 45B0147A2AC78BFC00CA797C /* RMEpisodeListViewViewModel.swift */; };
		45B0147D2AC78EF200CA797C /* GetAllEpisodesResponse.swift in Sources */ = {isa = PBXBuildFile; fileRef = 45B0147C2AC78EF200CA797C /* GetAllEpisodesResponse.swift */; };
		45B0147F2AC79BAC00CA797C /* RMSearchViewController.swift in Sources */ = {isa = PBXBuildFile; fileRef = 45B0147E2AC79BAC00CA797C /* RMSearchViewController.swift */; };
		45E21A142AC380B00064EF4D /* RMCharacterDetailViewController.swift in Sources */ = {isa = PBXBuildFile; fileRef = 45E21A132AC380B00064EF4D /* RMCharacterDetailViewController.swift */; };
		45E21A162AC381360064EF4D /* RMCharacterDetailView.swift in Sources */ = {isa = PBXBuildFile; fileRef = 45E21A152AC381360064EF4D /* RMCharacterDetailView.swift */; };
		45E21A182AC3815A0064EF4D /* RMCharacterDetailViewViewModel.swift in Sources */ = {isa = PBXBuildFile; fileRef = 45E21A172AC3815A0064EF4D /* RMCharacterDetailViewViewModel.swift */; };
		45E21A1A2AC3858D0064EF4D /* RMFooterLoadingCollectionReusableView.swift in Sources */ = {isa = PBXBuildFile; fileRef = 45E21A192AC3858D0064EF4D /* RMFooterLoadingCollectionReusableView.swift */; };
/* End PBXBuildFile section */

/* Begin PBXFileReference section */
		4553FC5A2AC2044F009AFE0A /* TheRickAndMortyApp.app */ = {isa = PBXFileReference; explicitFileType = wrapper.application; includeInIndex = 0; path = TheRickAndMortyApp.app; sourceTree = BUILT_PRODUCTS_DIR; };
		4553FC5D2AC2044F009AFE0A /* AppDelegate.swift */ = {isa = PBXFileReference; lastKnownFileType = sourcecode.swift; path = AppDelegate.swift; sourceTree = "<group>"; };
		4553FC5F2AC2044F009AFE0A /* SceneDelegate.swift */ = {isa = PBXFileReference; lastKnownFileType = sourcecode.swift; path = SceneDelegate.swift; sourceTree = "<group>"; };
		4553FC612AC2044F009AFE0A /* RMTabBarController.swift */ = {isa = PBXFileReference; lastKnownFileType = sourcecode.swift; path = RMTabBarController.swift; sourceTree = "<group>"; };
		4553FC662AC20450009AFE0A /* Assets.xcassets */ = {isa = PBXFileReference; lastKnownFileType = folder.assetcatalog; path = Assets.xcassets; sourceTree = "<group>"; };
		4553FC692AC20450009AFE0A /* Base */ = {isa = PBXFileReference; lastKnownFileType = file.storyboard; name = Base; path = Base.lproj/LaunchScreen.storyboard; sourceTree = "<group>"; };
		4553FC6B2AC20450009AFE0A /* Info.plist */ = {isa = PBXFileReference; lastKnownFileType = text.plist.xml; path = Info.plist; sourceTree = "<group>"; };
		4553FC782AC206E6009AFE0A /* RMLocation.swift */ = {isa = PBXFileReference; lastKnownFileType = sourcecode.swift; path = RMLocation.swift; sourceTree = "<group>"; };
		4553FC7A2AC206EF009AFE0A /* RMCharacter.swift */ = {isa = PBXFileReference; lastKnownFileType = sourcecode.swift; path = RMCharacter.swift; sourceTree = "<group>"; };
		4553FC7C2AC206F7009AFE0A /* RMEpisode.swift */ = {isa = PBXFileReference; lastKnownFileType = sourcecode.swift; path = RMEpisode.swift; sourceTree = "<group>"; };
		4553FC7F2AC20768009AFE0A /* RMCharacterViewController.swift */ = {isa = PBXFileReference; lastKnownFileType = sourcecode.swift; path = RMCharacterViewController.swift; sourceTree = "<group>"; };
		4553FC812AC20774009AFE0A /* RMLocationViewController.swift */ = {isa = PBXFileReference; lastKnownFileType = sourcecode.swift; path = RMLocationViewController.swift; sourceTree = "<group>"; };
		4553FC842AC20783009AFE0A /* RMEpisodeViewController.swift */ = {isa = PBXFileReference; lastKnownFileType = sourcecode.swift; path = RMEpisodeViewController.swift; sourceTree = "<group>"; };
		4553FC862AC2078F009AFE0A /* RMSettingViewController.swift */ = {isa = PBXFileReference; lastKnownFileType = sourcecode.swift; path = RMSettingViewController.swift; sourceTree = "<group>"; };
		4553FC882AC218E1009AFE0A /* RMService.swift */ = {isa = PBXFileReference; lastKnownFileType = sourcecode.swift; path = RMService.swift; sourceTree = "<group>"; };
		4553FC8A2AC218F0009AFE0A /* RMRequest.swift */ = {isa = PBXFileReference; lastKnownFileType = sourcecode.swift; path = RMRequest.swift; sourceTree = "<group>"; };
		4553FC8C2AC2197B009AFE0A /* RMEndpoint.swift */ = {isa = PBXFileReference; lastKnownFileType = sourcecode.swift; path = RMEndpoint.swift; sourceTree = "<group>"; };
		4553FC8E2AC223DE009AFE0A /* RMOrigin.swift */ = {isa = PBXFileReference; lastKnownFileType = sourcecode.swift; path = RMOrigin.swift; sourceTree = "<group>"; };
		4553FC902AC22451009AFE0A /* RMSingleLocation.swift */ = {isa = PBXFileReference; lastKnownFileType = sourcecode.swift; path = RMSingleLocation.swift; sourceTree = "<group>"; };
		4553FC922AC2260B009AFE0A /* RMCharacterStatus.swift */ = {isa = PBXFileReference; lastKnownFileType = sourcecode.swift; path = RMCharacterStatus.swift; sourceTree = "<group>"; };
		4553FC942AC22632009AFE0A /* RMCharacterGender.swift */ = {isa = PBXFileReference; lastKnownFileType = sourcecode.swift; path = RMCharacterGender.swift; sourceTree = "<group>"; };
		4553FC992AC24089009AFE0A /* RMGetAllCharactersResponse.swift */ = {isa = PBXFileReference; lastKnownFileType = sourcecode.swift; path = RMGetAllCharactersResponse.swift; sourceTree = "<group>"; };
		4553FC9B2AC243B1009AFE0A /* RMCharacterListViewViewModel.swift */ = {isa = PBXFileReference; lastKnownFileType = sourcecode.swift; path = RMCharacterListViewViewModel.swift; sourceTree = "<group>"; };
		4553FC9D2AC24496009AFE0A /* RMCharacterListView.swift */ = {isa = PBXFileReference; lastKnownFileType = sourcecode.swift; path = RMCharacterListView.swift; sourceTree = "<group>"; };
		4553FC9F2AC251A4009AFE0A /* Extensions.swift */ = {isa = PBXFileReference; lastKnownFileType = sourcecode.swift; path = Extensions.swift; sourceTree = "<group>"; };
		4553FCA12AC2564C009AFE0A /* RMCharacterCollectionViewCell.swift */ = {isa = PBXFileReference; lastKnownFileType = sourcecode.swift; path = RMCharacterCollectionViewCell.swift; sourceTree = "<group>"; };
		4553FCA32AC25762009AFE0A /* RMCharacterCollectionViewCellViewModel.swift */ = {isa = PBXFileReference; lastKnownFileType = sourcecode.swift; path = RMCharacterCollectionViewCellViewModel.swift; sourceTree = "<group>"; };
		456334392ACAE58A00D0356C /* RMSettingsViewViewModel.swift */ = {isa = PBXFileReference; lastKnownFileType = sourcecode.swift; path = RMSettingsViewViewModel.swift; sourceTree = "<group>"; };
		4563343B2ACAE5EA00D0356C /* RMSettingsCellViewModel.swift */ = {isa = PBXFileReference; lastKnownFileType = sourcecode.swift; path = RMSettingsCellViewModel.swift; sourceTree = "<group>"; };
		4563343D2ACAE65F00D0356C /* RMSettingsOption.swift */ = {isa = PBXFileReference; lastKnownFileType = sourcecode.swift; path = RMSettingsOption.swift; sourceTree = "<group>"; };
		456334402ACAF14B00D0356C /* RMSettingsView.swift */ = {isa = PBXFileReference; lastKnownFileType = sourcecode.swift; path = RMSettingsView.swift; sourceTree = "<group>"; };
		456334432ACB0C7F00D0356C /* RMLocationView.swift */ = {isa = PBXFileReference; lastKnownFileType = sourcecode.swift; path = RMLocationView.swift; sourceTree = "<group>"; };
		456334452ACB105900D0356C /* RMLocationViewViewModel.swift */ = {isa = PBXFileReference; lastKnownFileType = sourcecode.swift; path = RMLocationViewViewModel.swift; sourceTree = "<group>"; };
		456334472ACB182D00D0356C /* RMGetLocationsResponse.swift */ = {isa = PBXFileReference; lastKnownFileType = sourcecode.swift; path = RMGetLocationsResponse.swift; sourceTree = "<group>"; };
		456334492ACB1AE900D0356C /* RMLocationTableViewCell.swift */ = {isa = PBXFileReference; lastKnownFileType = sourcecode.swift; path = RMLocationTableViewCell.swift; sourceTree = "<group>"; };
		4563344C2ACB1BB100D0356C /* RMLocationTableViewCellViewModel.swift */ = {isa = PBXFileReference; lastKnownFileType = sourcecode.swift; path = RMLocationTableViewCellViewModel.swift; sourceTree = "<group>"; };
		4592C72B2AC98AC500DDF27B /* RMEpisodeInfoCollectionViewCell.swift */ = {isa = PBXFileReference; lastKnownFileType = sourcecode.swift; path = RMEpisodeInfoCollectionViewCell.swift; sourceTree = "<group>"; };
		4592C72E2AC98B2A00DDF27B /* RMEpisodeInfoCollectionViewCellViewModel.swift */ = {isa = PBXFileReference; lastKnownFileType = sourcecode.swift; path = RMEpisodeInfoCollectionViewCellViewModel.swift; sourceTree = "<group>"; };
		459BD9B22AC4D0C600D55AD0 /* RMImageLoader.swift */ = {isa = PBXFileReference; lastKnownFileType = sourcecode.swift; path = RMImageLoader.swift; sourceTree = "<group>"; };
		459BD9B62AC4F2E100D55AD0 /* RMCharacterPhotoCollectionViewCell.swift */ = {isa = PBXFileReference; lastKnownFileType = sourcecode.swift; path = RMCharacterPhotoCollectionViewCell.swift; sourceTree = "<group>"; };
		459BD9B82AC4F2F300D55AD0 /* RMCharacterInfoCollectionViewCell.swift */ = {isa = PBXFileReference; lastKnownFileType = sourcecode.swift; path = RMCharacterInfoCollectionViewCell.swift; sourceTree = "<group>"; };
		459BD9BA2AC4F2FD00D55AD0 /* RMCharacterEpisodeCollectionViewCell.swift */ = {isa = PBXFileReference; lastKnownFileType = sourcecode.swift; path = RMCharacterEpisodeCollectionViewCell.swift; sourceTree = "<group>"; };
		459BD9BD2AC4F37700D55AD0 /* RMCharacterIPhotoCollectionViewCellViewModel.swift */ = {isa = PBXFileReference; lastKnownFileType = sourcecode.swift; path = RMCharacterIPhotoCollectionViewCellViewModel.swift; sourceTree = "<group>"; };
		459BD9BF2AC4F38700D55AD0 /* RMCharacterInfoCollectionViewCellViewModel.swift */ = {isa = PBXFileReference; lastKnownFileType = sourcecode.swift; path = RMCharacterInfoCollectionViewCellViewModel.swift; sourceTree = "<group>"; };
		459BD9C12AC4F39700D55AD0 /* RMCharacterEpisodeCollectionViewCellViewModel.swift */ = {isa = PBXFileReference; lastKnownFileType = sourcecode.swift; path = RMCharacterEpisodeCollectionViewCellViewModel.swift; sourceTree = "<group>"; };
		45B0146F2AC77B2B00CA797C /* RMEpisodeDetailViewController.swift */ = {isa = PBXFileReference; lastKnownFileType = sourcecode.swift; path = RMEpisodeDetailViewController.swift; sourceTree = "<group>"; };
		45B014712AC77E4100CA797C /* RMAPICacheManager.swift */ = {isa = PBXFileReference; lastKnownFileType = sourcecode.swift; path = RMAPICacheManager.swift; sourceTree = "<group>"; };
		45B014732AC7835400CA797C /* RMEpisodeDetailViewViewModel.swift */ = {isa = PBXFileReference; lastKnownFileType = sourcecode.swift; path = RMEpisodeDetailViewViewModel.swift; sourceTree = "<group>"; };
		45B014752AC783E900CA797C /* RMEpisodeDetailView.swift */ = {isa = PBXFileReference; lastKnownFileType = sourcecode.swift; path = RMEpisodeDetailView.swift; sourceTree = "<group>"; };
		45B014782AC7899200CA797C /* RMEpisodeListView.swift */ = {isa = PBXFileReference; lastKnownFileType = sourcecode.swift; path = RMEpisodeListView.swift; sourceTree = "<group>"; };
		45B0147A2AC78BFC00CA797C /* RMEpisodeListViewViewModel.swift */ = {isa = PBXFileReference; lastKnownFileType = sourcecode.swift; path = RMEpisodeListViewViewModel.swift; sourceTree = "<group>"; };
		45B0147C2AC78EF200CA797C /* GetAllEpisodesResponse.swift */ = {isa = PBXFileReference; lastKnownFileType = sourcecode.swift; path = GetAllEpisodesResponse.swift; sourceTree = "<group>"; };
		45B0147E2AC79BAC00CA797C /* RMSearchViewController.swift */ = {isa = PBXFileReference; lastKnownFileType = sourcecode.swift; path = RMSearchViewController.swift; sourceTree = "<group>"; };
		45E21A132AC380B00064EF4D /* RMCharacterDetailViewController.swift */ = {isa = PBXFileReference; lastKnownFileType = sourcecode.swift; path = RMCharacterDetailViewController.swift; sourceTree = "<group>"; };
		45E21A152AC381360064EF4D /* RMCharacterDetailView.swift */ = {isa = PBXFileReference; lastKnownFileType = sourcecode.swift; path = RMCharacterDetailView.swift; sourceTree = "<group>"; };
		45E21A172AC3815A0064EF4D /* RMCharacterDetailViewViewModel.swift */ = {isa = PBXFileReference; lastKnownFileType = sourcecode.swift; path = RMCharacterDetailViewViewModel.swift; sourceTree = "<group>"; };
		45E21A192AC3858D0064EF4D /* RMFooterLoadingCollectionReusableView.swift */ = {isa = PBXFileReference; lastKnownFileType = sourcecode.swift; path = RMFooterLoadingCollectionReusableView.swift; sourceTree = "<group>"; };
/* End PBXFileReference section */

/* Begin PBXFrameworksBuildPhase section */
		4553FC572AC2044F009AFE0A /* Frameworks */ = {
			isa = PBXFrameworksBuildPhase;
			buildActionMask = 2147483647;
			files = (
			);
			runOnlyForDeploymentPostprocessing = 0;
		};
/* End PBXFrameworksBuildPhase section */

/* Begin PBXGroup section */
		4553FC512AC2044F009AFE0A = {
			isa = PBXGroup;
			children = (
				4553FC5C2AC2044F009AFE0A /* TheRickAndMortyApp */,
				4553FC5B2AC2044F009AFE0A /* Products */,
			);
			sourceTree = "<group>";
		};
		4553FC5B2AC2044F009AFE0A /* Products */ = {
			isa = PBXGroup;
			children = (
				4553FC5A2AC2044F009AFE0A /* TheRickAndMortyApp.app */,
			);
			name = Products;
			sourceTree = "<group>";
		};
		4553FC5C2AC2044F009AFE0A /* TheRickAndMortyApp */ = {
			isa = PBXGroup;
			children = (
				4553FC772AC2067C009AFE0A /* Resources */,
				4553FC762AC20677009AFE0A /* Managers */,
				4553FC752AC20663009AFE0A /* APIClient */,
				4553FC742AC2065C009AFE0A /* ViewModels */,
				4553FC732AC20657009AFE0A /* Views */,
				4553FC722AC20652009AFE0A /* Models */,
				4553FC712AC20648009AFE0A /* Controllers */,
				4553FC6B2AC20450009AFE0A /* Info.plist */,
			);
			path = TheRickAndMortyApp;
			sourceTree = "<group>";
		};
		4553FC712AC20648009AFE0A /* Controllers */ = {
			isa = PBXGroup;
			children = (
				45E21A122AC380920064EF4D /* Other */,
				4553FC7E2AC2074B009AFE0A /* Core */,
			);
			path = Controllers;
			sourceTree = "<group>";
		};
		4553FC722AC20652009AFE0A /* Models */ = {
			isa = PBXGroup;
			children = (
				4553FC972AC24049009AFE0A /* APIResponseTypes */,
				4553FC962AC24030009AFE0A /* Data Types */,
			);
			path = Models;
			sourceTree = "<group>";
		};
		4553FC732AC20657009AFE0A /* Views */ = {
			isa = PBXGroup;
			children = (
				456334422ACB0C6A00D0356C /* Location */,
				4563343F2ACAF13400D0356C /* SwiftUI */,
				4592C72A2AC98A9700DDF27B /* Episode Details */,
				45B014772AC7897500CA797C /* Episode */,
				459BD9B42AC4F28800D55AD0 /* Character Details */,
				459BD9B52AC4F2B500D55AD0 /* Character */,
				45E21A192AC3858D0064EF4D /* RMFooterLoadingCollectionReusableView.swift */,
			);
			path = Views;
			sourceTree = "<group>";
		};
		4553FC742AC2065C009AFE0A /* ViewModels */ = {
			isa = PBXGroup;
			children = (
				4563344B2ACB1B8F00D0356C /* Locations */,
				456334382ACAE57900D0356C /* Settings */,
				4592C72D2AC98AE000DDF27B /* Episode Detail */,
				459BD9BC2AC4F32000D55AD0 /* Character Detail */,
				4553FC9B2AC243B1009AFE0A /* RMCharacterListViewViewModel.swift */,
				4553FCA32AC25762009AFE0A /* RMCharacterCollectionViewCellViewModel.swift */,
				45B0147A2AC78BFC00CA797C /* RMEpisodeListViewViewModel.swift */,
			);
			path = ViewModels;
			sourceTree = "<group>";
		};
		4553FC752AC20663009AFE0A /* APIClient */ = {
			isa = PBXGroup;
			children = (
				4553FC882AC218E1009AFE0A /* RMService.swift */,
				4553FC8A2AC218F0009AFE0A /* RMRequest.swift */,
				4553FC8C2AC2197B009AFE0A /* RMEndpoint.swift */,
			);
			path = APIClient;
			sourceTree = "<group>";
		};
		4553FC762AC20677009AFE0A /* Managers */ = {
			isa = PBXGroup;
			children = (
				459BD9B22AC4D0C600D55AD0 /* RMImageLoader.swift */,
				45B014712AC77E4100CA797C /* RMAPICacheManager.swift */,
			);
			path = Managers;
			sourceTree = "<group>";
		};
		4553FC772AC2067C009AFE0A /* Resources */ = {
			isa = PBXGroup;
			children = (
				4553FC662AC20450009AFE0A /* Assets.xcassets */,
				4553FC682AC20450009AFE0A /* LaunchScreen.storyboard */,
				4553FC5D2AC2044F009AFE0A /* AppDelegate.swift */,
				4553FC5F2AC2044F009AFE0A /* SceneDelegate.swift */,
				4553FC9F2AC251A4009AFE0A /* Extensions.swift */,
			);
			path = Resources;
			sourceTree = "<group>";
		};
		4553FC7E2AC2074B009AFE0A /* Core */ = {
			isa = PBXGroup;
			children = (
				4553FC612AC2044F009AFE0A /* RMTabBarController.swift */,
				4553FC7F2AC20768009AFE0A /* RMCharacterViewController.swift */,
				4553FC812AC20774009AFE0A /* RMLocationViewController.swift */,
				4553FC842AC20783009AFE0A /* RMEpisodeViewController.swift */,
				4553FC862AC2078F009AFE0A /* RMSettingViewController.swift */,
			);
			path = Core;
			sourceTree = "<group>";
		};
		4553FC962AC24030009AFE0A /* Data Types */ = {
			isa = PBXGroup;
			children = (
				4553FC782AC206E6009AFE0A /* RMLocation.swift */,
				4553FC7A2AC206EF009AFE0A /* RMCharacter.swift */,
				4553FC7C2AC206F7009AFE0A /* RMEpisode.swift */,
				4553FC8E2AC223DE009AFE0A /* RMOrigin.swift */,
				4553FC902AC22451009AFE0A /* RMSingleLocation.swift */,
				4553FC922AC2260B009AFE0A /* RMCharacterStatus.swift */,
				4553FC942AC22632009AFE0A /* RMCharacterGender.swift */,
			);
			path = "Data Types";
			sourceTree = "<group>";
		};
		4553FC972AC24049009AFE0A /* APIResponseTypes */ = {
			isa = PBXGroup;
			children = (
				4553FC992AC24089009AFE0A /* RMGetAllCharactersResponse.swift */,
				45B0147C2AC78EF200CA797C /* GetAllEpisodesResponse.swift */,
				456334472ACB182D00D0356C /* RMGetLocationsResponse.swift */,
			);
			path = APIResponseTypes;
			sourceTree = "<group>";
		};
		456334382ACAE57900D0356C /* Settings */ = {
			isa = PBXGroup;
			children = (
				456334392ACAE58A00D0356C /* RMSettingsViewViewModel.swift */,
				4563343B2ACAE5EA00D0356C /* RMSettingsCellViewModel.swift */,
				4563343D2ACAE65F00D0356C /* RMSettingsOption.swift */,
			);
			path = Settings;
			sourceTree = "<group>";
		};
		4563343F2ACAF13400D0356C /* SwiftUI */ = {
			isa = PBXGroup;
			children = (
				456334402ACAF14B00D0356C /* RMSettingsView.swift */,
			);
			path = SwiftUI;
			sourceTree = "<group>";
		};
		456334422ACB0C6A00D0356C /* Location */ = {
			isa = PBXGroup;
			children = (
				456334432ACB0C7F00D0356C /* RMLocationView.swift */,
				456334492ACB1AE900D0356C /* RMLocationTableViewCell.swift */,
			);
			path = Location;
			sourceTree = "<group>";
		};
		4563344B2ACB1B8F00D0356C /* Locations */ = {
			isa = PBXGroup;
			children = (
				456334452ACB105900D0356C /* RMLocationViewViewModel.swift */,
				4563344C2ACB1BB100D0356C /* RMLocationTableViewCellViewModel.swift */,
			);
			path = Locations;
			sourceTree = "<group>";
		};
		4592C72A2AC98A9700DDF27B /* Episode Details */ = {
			isa = PBXGroup;
			children = (
				45B014752AC783E900CA797C /* RMEpisodeDetailView.swift */,
				4592C72B2AC98AC500DDF27B /* RMEpisodeInfoCollectionViewCell.swift */,
			);
			path = "Episode Details";
			sourceTree = "<group>";
		};
		4592C72D2AC98AE000DDF27B /* Episode Detail */ = {
			isa = PBXGroup;
			children = (
				45B014732AC7835400CA797C /* RMEpisodeDetailViewViewModel.swift */,
				4592C72E2AC98B2A00DDF27B /* RMEpisodeInfoCollectionViewCellViewModel.swift */,
			);
			path = "Episode Detail";
			sourceTree = "<group>";
		};
		459BD9B42AC4F28800D55AD0 /* Character Details */ = {
			isa = PBXGroup;
			children = (
				45E21A152AC381360064EF4D /* RMCharacterDetailView.swift */,
				459BD9B62AC4F2E100D55AD0 /* RMCharacterPhotoCollectionViewCell.swift */,
				459BD9B82AC4F2F300D55AD0 /* RMCharacterInfoCollectionViewCell.swift */,
				459BD9BA2AC4F2FD00D55AD0 /* RMCharacterEpisodeCollectionViewCell.swift */,
			);
			path = "Character Details";
			sourceTree = "<group>";
		};
		459BD9B52AC4F2B500D55AD0 /* Character */ = {
			isa = PBXGroup;
			children = (
				4553FC9D2AC24496009AFE0A /* RMCharacterListView.swift */,
				4553FCA12AC2564C009AFE0A /* RMCharacterCollectionViewCell.swift */,
			);
			path = Character;
			sourceTree = "<group>";
		};
		459BD9BC2AC4F32000D55AD0 /* Character Detail */ = {
			isa = PBXGroup;
			children = (
				45E21A172AC3815A0064EF4D /* RMCharacterDetailViewViewModel.swift */,
				459BD9BD2AC4F37700D55AD0 /* RMCharacterIPhotoCollectionViewCellViewModel.swift */,
				459BD9BF2AC4F38700D55AD0 /* RMCharacterInfoCollectionViewCellViewModel.swift */,
				459BD9C12AC4F39700D55AD0 /* RMCharacterEpisodeCollectionViewCellViewModel.swift */,
			);
			path = "Character Detail";
			sourceTree = "<group>";
		};
		45B014772AC7897500CA797C /* Episode */ = {
			isa = PBXGroup;
			children = (
				45B014782AC7899200CA797C /* RMEpisodeListView.swift */,
			);
			path = Episode;
			sourceTree = "<group>";
		};
		45E21A122AC380920064EF4D /* Other */ = {
			isa = PBXGroup;
			children = (
				45E21A132AC380B00064EF4D /* RMCharacterDetailViewController.swift */,
				45B0146F2AC77B2B00CA797C /* RMEpisodeDetailViewController.swift */,
				45B0147E2AC79BAC00CA797C /* RMSearchViewController.swift */,
			);
			path = Other;
			sourceTree = "<group>";
		};
/* End PBXGroup section */

/* Begin PBXNativeTarget section */
		4553FC592AC2044F009AFE0A /* TheRickAndMortyApp */ = {
			isa = PBXNativeTarget;
			buildConfigurationList = 4553FC6E2AC20450009AFE0A /* Build configuration list for PBXNativeTarget "TheRickAndMortyApp" */;
			buildPhases = (
				4553FC562AC2044F009AFE0A /* Sources */,
				4553FC572AC2044F009AFE0A /* Frameworks */,
				4553FC582AC2044F009AFE0A /* Resources */,
			);
			buildRules = (
			);
			dependencies = (
			);
			name = TheRickAndMortyApp;
			productName = TheRickAndMortyApp;
			productReference = 4553FC5A2AC2044F009AFE0A /* TheRickAndMortyApp.app */;
			productType = "com.apple.product-type.application";
		};
/* End PBXNativeTarget section */

/* Begin PBXProject section */
		4553FC522AC2044F009AFE0A /* Project object */ = {
			isa = PBXProject;
			attributes = {
				BuildIndependentTargetsInParallel = 1;
				LastSwiftUpdateCheck = 1500;
				LastUpgradeCheck = 1500;
				TargetAttributes = {
					4553FC592AC2044F009AFE0A = {
						CreatedOnToolsVersion = 15.0;
					};
				};
			};
			buildConfigurationList = 4553FC552AC2044F009AFE0A /* Build configuration list for PBXProject "TheRickAndMortyApp" */;
			compatibilityVersion = "Xcode 14.0";
			developmentRegion = en;
			hasScannedForEncodings = 0;
			knownRegions = (
				en,
				Base,
			);
			mainGroup = 4553FC512AC2044F009AFE0A;
			productRefGroup = 4553FC5B2AC2044F009AFE0A /* Products */;
			projectDirPath = "";
			projectRoot = "";
			targets = (
				4553FC592AC2044F009AFE0A /* TheRickAndMortyApp */,
			);
		};
/* End PBXProject section */

/* Begin PBXResourcesBuildPhase section */
		4553FC582AC2044F009AFE0A /* Resources */ = {
			isa = PBXResourcesBuildPhase;
			buildActionMask = 2147483647;
			files = (
				4553FC6A2AC20450009AFE0A /* LaunchScreen.storyboard in Resources */,
				4553FC672AC20450009AFE0A /* Assets.xcassets in Resources */,
			);
			runOnlyForDeploymentPostprocessing = 0;
		};
/* End PBXResourcesBuildPhase section */

/* Begin PBXSourcesBuildPhase section */
		4553FC562AC2044F009AFE0A /* Sources */ = {
			isa = PBXSourcesBuildPhase;
			buildActionMask = 2147483647;
			files = (
				4553FC8F2AC223DE009AFE0A /* RMOrigin.swift in Sources */,
				45E21A182AC3815A0064EF4D /* RMCharacterDetailViewViewModel.swift in Sources */,
				4553FC912AC22451009AFE0A /* RMSingleLocation.swift in Sources */,
				45B0147F2AC79BAC00CA797C /* RMSearchViewController.swift in Sources */,
				4553FC9E2AC24496009AFE0A /* RMCharacterListView.swift in Sources */,
				4553FC932AC2260B009AFE0A /* RMCharacterStatus.swift in Sources */,
				4553FC952AC22632009AFE0A /* RMCharacterGender.swift in Sources */,
				4553FC822AC20774009AFE0A /* RMLocationViewController.swift in Sources */,
				45E21A142AC380B00064EF4D /* RMCharacterDetailViewController.swift in Sources */,
				45E21A1A2AC3858D0064EF4D /* RMFooterLoadingCollectionReusableView.swift in Sources */,
				45B014792AC7899200CA797C /* RMEpisodeListView.swift in Sources */,
				4553FC9A2AC24089009AFE0A /* RMGetAllCharactersResponse.swift in Sources */,
				4553FC7D2AC206F7009AFE0A /* RMEpisode.swift in Sources */,
				456334482ACB182D00D0356C /* RMGetLocationsResponse.swift in Sources */,
				459BD9B92AC4F2F300D55AD0 /* RMCharacterInfoCollectionViewCell.swift in Sources */,
				4563344A2ACB1AE900D0356C /* RMLocationTableViewCell.swift in Sources */,
				4563343A2ACAE58A00D0356C /* RMSettingsViewViewModel.swift in Sources */,
				4553FC622AC2044F009AFE0A /* RMTabBarController.swift in Sources */,
				4553FCA22AC2564C009AFE0A /* RMCharacterCollectionViewCell.swift in Sources */,
				459BD9C02AC4F38700D55AD0 /* RMCharacterInfoCollectionViewCellViewModel.swift in Sources */,
				4563343E2ACAE65F00D0356C /* RMSettingsOption.swift in Sources */,
				4553FC852AC20783009AFE0A /* RMEpisodeViewController.swift in Sources */,
				459BD9B32AC4D0C600D55AD0 /* RMImageLoader.swift in Sources */,
				4553FC872AC2078F009AFE0A /* RMSettingViewController.swift in Sources */,
				45B0147D2AC78EF200CA797C /* GetAllEpisodesResponse.swift in Sources */,
				4553FC5E2AC2044F009AFE0A /* AppDelegate.swift in Sources */,
				459BD9B72AC4F2E100D55AD0 /* RMCharacterPhotoCollectionViewCell.swift in Sources */,
				4563343C2ACAE5EA00D0356C /* RMSettingsCellViewModel.swift in Sources */,
				456334412ACAF14B00D0356C /* RMSettingsView.swift in Sources */,
				459BD9C22AC4F39700D55AD0 /* RMCharacterEpisodeCollectionViewCellViewModel.swift in Sources */,
				4553FC602AC2044F009AFE0A /* SceneDelegate.swift in Sources */,
				4553FC892AC218E1009AFE0A /* RMService.swift in Sources */,
				4553FC792AC206E6009AFE0A /* RMLocation.swift in Sources */,
				4553FC8D2AC2197B009AFE0A /* RMEndpoint.swift in Sources */,
				4553FCA02AC251A4009AFE0A /* Extensions.swift in Sources */,
				4553FC7B2AC206EF009AFE0A /* RMCharacter.swift in Sources */,
				45B014702AC77B2B00CA797C /* RMEpisodeDetailViewController.swift in Sources */,
				4563344D2ACB1BB100D0356C /* RMLocationTableViewCellViewModel.swift in Sources */,
				45B014762AC783E900CA797C /* RMEpisodeDetailView.swift in Sources */,
				4553FCA42AC25762009AFE0A /* RMCharacterCollectionViewCellViewModel.swift in Sources */,
				4553FC8B2AC218F0009AFE0A /* RMRequest.swift in Sources */,
				4553FC9C2AC243B1009AFE0A /* RMCharacterListViewViewModel.swift in Sources */,
				459BD9BB2AC4F2FD00D55AD0 /* RMCharacterEpisodeCollectionViewCell.swift in Sources */,
				4553FC802AC20768009AFE0A /* RMCharacterViewController.swift in Sources */,
				456334442ACB0C7F00D0356C /* RMLocationView.swift in Sources */,
				45E21A162AC381360064EF4D /* RMCharacterDetailView.swift in Sources */,
				45B0147B2AC78BFC00CA797C /* RMEpisodeListViewViewModel.swift in Sources */,
				45B014722AC77E4100CA797C /* RMAPICacheManager.swift in Sources */,
				4592C72F2AC98B2A00DDF27B /* RMEpisodeInfoCollectionViewCellViewModel.swift in Sources */,
				4592C72C2AC98AC500DDF27B /* RMEpisodeInfoCollectionViewCell.swift in Sources */,
				45B014742AC7835400CA797C /* RMEpisodeDetailViewViewModel.swift in Sources */,
				459BD9BE2AC4F37700D55AD0 /* RMCharacterIPhotoCollectionViewCellViewModel.swift in Sources */,
				456334462ACB105900D0356C /* RMLocationViewViewModel.swift in Sources */,
			);
			runOnlyForDeploymentPostprocessing = 0;
		};
/* End PBXSourcesBuildPhase section */

/* Begin PBXVariantGroup section */
		4553FC682AC20450009AFE0A /* LaunchScreen.storyboard */ = {
			isa = PBXVariantGroup;
			children = (
				4553FC692AC20450009AFE0A /* Base */,
			);
			name = LaunchScreen.storyboard;
			sourceTree = "<group>";
		};
/* End PBXVariantGroup section */

/* Begin XCBuildConfiguration section */
		4553FC6C2AC20450009AFE0A /* Debug */ = {
			isa = XCBuildConfiguration;
			buildSettings = {
				ALWAYS_SEARCH_USER_PATHS = NO;
				ASSETCATALOG_COMPILER_GENERATE_SWIFT_ASSET_SYMBOL_EXTENSIONS = YES;
				CLANG_ANALYZER_NONNULL = YES;
				CLANG_ANALYZER_NUMBER_OBJECT_CONVERSION = YES_AGGRESSIVE;
				CLANG_CXX_LANGUAGE_STANDARD = "gnu++20";
				CLANG_ENABLE_MODULES = YES;
				CLANG_ENABLE_OBJC_ARC = YES;
				CLANG_ENABLE_OBJC_WEAK = YES;
				CLANG_WARN_BLOCK_CAPTURE_AUTORELEASING = YES;
				CLANG_WARN_BOOL_CONVERSION = YES;
				CLANG_WARN_COMMA = YES;
				CLANG_WARN_CONSTANT_CONVERSION = YES;
				CLANG_WARN_DEPRECATED_OBJC_IMPLEMENTATIONS = YES;
				CLANG_WARN_DIRECT_OBJC_ISA_USAGE = YES_ERROR;
				CLANG_WARN_DOCUMENTATION_COMMENTS = YES;
				CLANG_WARN_EMPTY_BODY = YES;
				CLANG_WARN_ENUM_CONVERSION = YES;
				CLANG_WARN_INFINITE_RECURSION = YES;
				CLANG_WARN_INT_CONVERSION = YES;
				CLANG_WARN_NON_LITERAL_NULL_CONVERSION = YES;
				CLANG_WARN_OBJC_IMPLICIT_RETAIN_SELF = YES;
				CLANG_WARN_OBJC_LITERAL_CONVERSION = YES;
				CLANG_WARN_OBJC_ROOT_CLASS = YES_ERROR;
				CLANG_WARN_QUOTED_INCLUDE_IN_FRAMEWORK_HEADER = YES;
				CLANG_WARN_RANGE_LOOP_ANALYSIS = YES;
				CLANG_WARN_STRICT_PROTOTYPES = YES;
				CLANG_WARN_SUSPICIOUS_MOVE = YES;
				CLANG_WARN_UNGUARDED_AVAILABILITY = YES_AGGRESSIVE;
				CLANG_WARN_UNREACHABLE_CODE = YES;
				CLANG_WARN__DUPLICATE_METHOD_MATCH = YES;
				COPY_PHASE_STRIP = NO;
				DEBUG_INFORMATION_FORMAT = dwarf;
				ENABLE_STRICT_OBJC_MSGSEND = YES;
				ENABLE_TESTABILITY = YES;
				ENABLE_USER_SCRIPT_SANDBOXING = YES;
				GCC_C_LANGUAGE_STANDARD = gnu17;
				GCC_DYNAMIC_NO_PIC = NO;
				GCC_NO_COMMON_BLOCKS = YES;
				GCC_OPTIMIZATION_LEVEL = 0;
				GCC_PREPROCESSOR_DEFINITIONS = (
					"DEBUG=1",
					"$(inherited)",
				);
				GCC_WARN_64_TO_32_BIT_CONVERSION = YES;
				GCC_WARN_ABOUT_RETURN_TYPE = YES_ERROR;
				GCC_WARN_UNDECLARED_SELECTOR = YES;
				GCC_WARN_UNINITIALIZED_AUTOS = YES_AGGRESSIVE;
				GCC_WARN_UNUSED_FUNCTION = YES;
				GCC_WARN_UNUSED_VARIABLE = YES;
				IPHONEOS_DEPLOYMENT_TARGET = 16.0;
				LOCALIZATION_PREFERS_STRING_CATALOGS = YES;
				MTL_ENABLE_DEBUG_INFO = INCLUDE_SOURCE;
				MTL_FAST_MATH = YES;
				ONLY_ACTIVE_ARCH = YES;
				SDKROOT = iphoneos;
				SWIFT_ACTIVE_COMPILATION_CONDITIONS = "DEBUG $(inherited)";
				SWIFT_OPTIMIZATION_LEVEL = "-Onone";
			};
			name = Debug;
		};
		4553FC6D2AC20450009AFE0A /* Release */ = {
			isa = XCBuildConfiguration;
			buildSettings = {
				ALWAYS_SEARCH_USER_PATHS = NO;
				ASSETCATALOG_COMPILER_GENERATE_SWIFT_ASSET_SYMBOL_EXTENSIONS = YES;
				CLANG_ANALYZER_NONNULL = YES;
				CLANG_ANALYZER_NUMBER_OBJECT_CONVERSION = YES_AGGRESSIVE;
				CLANG_CXX_LANGUAGE_STANDARD = "gnu++20";
				CLANG_ENABLE_MODULES = YES;
				CLANG_ENABLE_OBJC_ARC = YES;
				CLANG_ENABLE_OBJC_WEAK = YES;
				CLANG_WARN_BLOCK_CAPTURE_AUTORELEASING = YES;
				CLANG_WARN_BOOL_CONVERSION = YES;
				CLANG_WARN_COMMA = YES;
				CLANG_WARN_CONSTANT_CONVERSION = YES;
				CLANG_WARN_DEPRECATED_OBJC_IMPLEMENTATIONS = YES;
				CLANG_WARN_DIRECT_OBJC_ISA_USAGE = YES_ERROR;
				CLANG_WARN_DOCUMENTATION_COMMENTS = YES;
				CLANG_WARN_EMPTY_BODY = YES;
				CLANG_WARN_ENUM_CONVERSION = YES;
				CLANG_WARN_INFINITE_RECURSION = YES;
				CLANG_WARN_INT_CONVERSION = YES;
				CLANG_WARN_NON_LITERAL_NULL_CONVERSION = YES;
				CLANG_WARN_OBJC_IMPLICIT_RETAIN_SELF = YES;
				CLANG_WARN_OBJC_LITERAL_CONVERSION = YES;
				CLANG_WARN_OBJC_ROOT_CLASS = YES_ERROR;
				CLANG_WARN_QUOTED_INCLUDE_IN_FRAMEWORK_HEADER = YES;
				CLANG_WARN_RANGE_LOOP_ANALYSIS = YES;
				CLANG_WARN_STRICT_PROTOTYPES = YES;
				CLANG_WARN_SUSPICIOUS_MOVE = YES;
				CLANG_WARN_UNGUARDED_AVAILABILITY = YES_AGGRESSIVE;
				CLANG_WARN_UNREACHABLE_CODE = YES;
				CLANG_WARN__DUPLICATE_METHOD_MATCH = YES;
				COPY_PHASE_STRIP = NO;
				DEBUG_INFORMATION_FORMAT = "dwarf-with-dsym";
				ENABLE_NS_ASSERTIONS = NO;
				ENABLE_STRICT_OBJC_MSGSEND = YES;
				ENABLE_USER_SCRIPT_SANDBOXING = YES;
				GCC_C_LANGUAGE_STANDARD = gnu17;
				GCC_NO_COMMON_BLOCKS = YES;
				GCC_WARN_64_TO_32_BIT_CONVERSION = YES;
				GCC_WARN_ABOUT_RETURN_TYPE = YES_ERROR;
				GCC_WARN_UNDECLARED_SELECTOR = YES;
				GCC_WARN_UNINITIALIZED_AUTOS = YES_AGGRESSIVE;
				GCC_WARN_UNUSED_FUNCTION = YES;
				GCC_WARN_UNUSED_VARIABLE = YES;
				IPHONEOS_DEPLOYMENT_TARGET = 16.0;
				LOCALIZATION_PREFERS_STRING_CATALOGS = YES;
				MTL_ENABLE_DEBUG_INFO = NO;
				MTL_FAST_MATH = YES;
				SDKROOT = iphoneos;
				SWIFT_COMPILATION_MODE = wholemodule;
				VALIDATE_PRODUCT = YES;
			};
			name = Release;
		};
		4553FC6F2AC20450009AFE0A /* Debug */ = {
			isa = XCBuildConfiguration;
			buildSettings = {
				ASSETCATALOG_COMPILER_APPICON_NAME = AppIcon;
				ASSETCATALOG_COMPILER_GLOBAL_ACCENT_COLOR_NAME = AccentColor;
				CODE_SIGN_STYLE = Automatic;
				CURRENT_PROJECT_VERSION = 1;
				DEVELOPMENT_TEAM = N2G2NDDG29;
				GENERATE_INFOPLIST_FILE = YES;
				INFOPLIST_FILE = TheRickAndMortyApp/Info.plist;
				INFOPLIST_KEY_CFBundleDisplayName = "Rich & Morty";
				INFOPLIST_KEY_LSApplicationCategoryType = "public.app-category.education";
				INFOPLIST_KEY_UIApplicationSupportsIndirectInputEvents = YES;
				INFOPLIST_KEY_UILaunchStoryboardName = LaunchScreen;
				INFOPLIST_KEY_UISupportedInterfaceOrientations_iPad = "UIInterfaceOrientationPortrait UIInterfaceOrientationPortraitUpsideDown UIInterfaceOrientationLandscapeLeft UIInterfaceOrientationLandscapeRight";
				INFOPLIST_KEY_UISupportedInterfaceOrientations_iPhone = "UIInterfaceOrientationPortrait UIInterfaceOrientationLandscapeLeft UIInterfaceOrientationLandscapeRight";
				LD_RUNPATH_SEARCH_PATHS = (
					"$(inherited)",
					"@executable_path/Frameworks",
				);
				MARKETING_VERSION = 1.0;
				PRODUCT_BUNDLE_IDENTIFIER = com.ahmettarik.TheRickAndMortyApp;
				PRODUCT_NAME = "$(TARGET_NAME)";
				SWIFT_EMIT_LOC_STRINGS = YES;
				SWIFT_VERSION = 5.0;
				TARGETED_DEVICE_FAMILY = "1,2";
			};
			name = Debug;
		};
		4553FC702AC20450009AFE0A /* Release */ = {
			isa = XCBuildConfiguration;
			buildSettings = {
				ASSETCATALOG_COMPILER_APPICON_NAME = AppIcon;
				ASSETCATALOG_COMPILER_GLOBAL_ACCENT_COLOR_NAME = AccentColor;
				CODE_SIGN_STYLE = Automatic;
				CURRENT_PROJECT_VERSION = 1;
				DEVELOPMENT_TEAM = N2G2NDDG29;
				GENERATE_INFOPLIST_FILE = YES;
				INFOPLIST_FILE = TheRickAndMortyApp/Info.plist;
				INFOPLIST_KEY_CFBundleDisplayName = "Rich & Morty";
				INFOPLIST_KEY_LSApplicationCategoryType = "public.app-category.education";
				INFOPLIST_KEY_UIApplicationSupportsIndirectInputEvents = YES;
				INFOPLIST_KEY_UILaunchStoryboardName = LaunchScreen;
				INFOPLIST_KEY_UISupportedInterfaceOrientations_iPad = "UIInterfaceOrientationPortrait UIInterfaceOrientationPortraitUpsideDown UIInterfaceOrientationLandscapeLeft UIInterfaceOrientationLandscapeRight";
				INFOPLIST_KEY_UISupportedInterfaceOrientations_iPhone = "UIInterfaceOrientationPortrait UIInterfaceOrientationLandscapeLeft UIInterfaceOrientationLandscapeRight";
				LD_RUNPATH_SEARCH_PATHS = (
					"$(inherited)",
					"@executable_path/Frameworks",
				);
				MARKETING_VERSION = 1.0;
				PRODUCT_BUNDLE_IDENTIFIER = com.ahmettarik.TheRickAndMortyApp;
				PRODUCT_NAME = "$(TARGET_NAME)";
				SWIFT_EMIT_LOC_STRINGS = YES;
				SWIFT_VERSION = 5.0;
				TARGETED_DEVICE_FAMILY = "1,2";
			};
			name = Release;
		};
/* End XCBuildConfiguration section */

/* Begin XCConfigurationList section */
		4553FC552AC2044F009AFE0A /* Build configuration list for PBXProject "TheRickAndMortyApp" */ = {
			isa = XCConfigurationList;
			buildConfigurations = (
				4553FC6C2AC20450009AFE0A /* Debug */,
				4553FC6D2AC20450009AFE0A /* Release */,
			);
			defaultConfigurationIsVisible = 0;
			defaultConfigurationName = Release;
		};
		4553FC6E2AC20450009AFE0A /* Build configuration list for PBXNativeTarget "TheRickAndMortyApp" */ = {
			isa = XCConfigurationList;
			buildConfigurations = (
				4553FC6F2AC20450009AFE0A /* Debug */,
				4553FC702AC20450009AFE0A /* Release */,
			);
			defaultConfigurationIsVisible = 0;
			defaultConfigurationName = Release;
		};
/* End XCConfigurationList section */
	};
	rootObject = 4553FC522AC2044F009AFE0A /* Project object */;
}
